
Microsoft Visual Studio Solution File, Format Version 12.00
# Visual Studio 15
VisualStudioVersion = 15.0.27703.2035
MinimumVisualStudioVersion = 10.0.40219.1
Project("{FAE04EC0-301F-11D3-BF4B-00C04F79EFBC}") = "GoldenCraft", "GoldenCraft\GoldenCraft.csproj", "{FA438857-20C5-4750-8B24-A6935E013E43}"
EndProject
Global
	GlobalSection(SolutionConfigurationPlatforms) = preSolution
		Debug|Any CPU = Debug|Any CPU
		Release|Any CPU = Release|Any CPU
	EndGlobalSection
	GlobalSection(ProjectConfigurationPlatforms) = postSolution
		{FA438857-20C5-4750-8B24-A6935E013E43}.Debug|Any CPU.ActiveCfg = Debug|Any CPU
		{FA438857-20C5-4750-8B24-A6935E013E43}.Debug|Any CPU.Build.0 = Debug|Any CPU
		{FA438857-20C5-4750-8B24-A6935E013E43}.Release|Any CPU.ActiveCfg = Release|Any CPU
		{FA438857-20C5-4750-8B24-A6935E013E43}.Release|Any CPU.Build.0 = Release|Any CPU
	EndGlobalSection
	GlobalSection(SolutionProperties) = preSolution
		HideSolutionNode = FALSE
	EndGlobalSection
	GlobalSection(ExtensibilityGlobals) = postSolution
		SolutionGuid = {DEABD0E6-C0E7-4D7B-9DEC-CE7648DB81E1}
	EndGlobalSection
EndGlobal
